// !$*UTF8*$!
{
	archiveVersion = 1;
	classes = {
	};
	objectVersion = 45;
	objects = {

/* Begin PBXBuildFile section */
		1890E0F5149091D40065A777 /* Image2.jpg in Resources */ = {isa = PBXBuildFile; fileRef = 1890E0EC149091D40065A777 /* Image2.jpg */; };
		1890E0F6149091D40065A777 /* Image3.jpg in Resources */ = {isa = PBXBuildFile; fileRef = 1890E0ED149091D40065A777 /* Image3.jpg */; };
		1890E0F7149091D40065A777 /* Image4.jpg in Resources */ = {isa = PBXBuildFile; fileRef = 1890E0EE149091D40065A777 /* Image4.jpg */; };
		1890E0F8149091D40065A777 /* MainImage.jpg in Resources */ = {isa = PBXBuildFile; fileRef = 1890E0EF149091D40065A777 /* MainImage.jpg */; };
		1890E0F9149091D40065A777 /* Plant1.jpg in Resources */ = {isa = PBXBuildFile; fileRef = 1890E0F0149091D40065A777 /* Plant1.jpg */; };
		1890E0FA149091D40065A777 /* Plant2.jpg in Resources */ = {isa = PBXBuildFile; fileRef = 1890E0F1149091D40065A777 /* Plant2.jpg */; };
		1890E0FB149091D40065A777 /* Plant3.jpg in Resources */ = {isa = PBXBuildFile; fileRef = 1890E0F2149091D40065A777 /* Plant3.jpg */; };
		1890E0FC149091D40065A777 /* Plant4.jpg in Resources */ = {isa = PBXBuildFile; fileRef = 1890E0F3149091D40065A777 /* Plant4.jpg */; };
		1890E0FD149091D40065A777 /* Plant5.jpg in Resources */ = {isa = PBXBuildFile; fileRef = 1890E0F4149091D40065A777 /* Plant5.jpg */; };
		18949AB0148FA0D6002F3AC0 /* InvitationInfo.m in Sources */ = {isa = PBXBuildFile; fileRef = 18949AAE148FA0D4002F3AC0 /* InvitationInfo.m */; };
		18949AB1148FA0D6002F3AC0 /* InvitationInfo.xib in Resources */ = {isa = PBXBuildFile; fileRef = 18949AAF148FA0D5002F3AC0 /* InvitationInfo.xib */; };
		18E06A9E1489F02A00DA262F /* SearchView.m in Sources */ = {isa = PBXBuildFile; fileRef = 18E06A9C1489F02900DA262F /* SearchView.m */; };
		18E06A9F1489F02A00DA262F /* SearchView.xib in Resources */ = {isa = PBXBuildFile; fileRef = 18E06A9D1489F02900DA262F /* SearchView.xib */; };
		18E06AAE1489F2AD00DA262F /* BrowseView.m in Sources */ = {isa = PBXBuildFile; fileRef = 18E06AAC1489F2AD00DA262F /* BrowseView.m */; };
		18E06AAF1489F2AD00DA262F /* BrowseView.xib in Resources */ = {isa = PBXBuildFile; fileRef = 18E06AAD1489F2AD00DA262F /* BrowseView.xib */; };
		18E06AB31489F55900DA262F /* BrowsePlantView.m in Sources */ = {isa = PBXBuildFile; fileRef = 18E06AB11489F55800DA262F /* BrowsePlantView.m */; };
		18E06AB41489F55900DA262F /* BrowsePlantView.xib in Resources */ = {isa = PBXBuildFile; fileRef = 18E06AB21489F55800DA262F /* BrowsePlantView.xib */; };
		18E06AB81489F69300DA262F /* PlantDataView.m in Sources */ = {isa = PBXBuildFile; fileRef = 18E06AB61489F69300DA262F /* PlantDataView.m */; };
		18E06AB91489F69300DA262F /* PlantDataView.xib in Resources */ = {isa = PBXBuildFile; fileRef = 18E06AB71489F69300DA262F /* PlantDataView.xib */; };
		18E06ABF148A00CE00DA262F /* NurseryView.m in Sources */ = {isa = PBXBuildFile; fileRef = 18E06ABD148A00CE00DA262F /* NurseryView.m */; };
		18E06AC0148A00CE00DA262F /* NurseryView.xib in Resources */ = {isa = PBXBuildFile; fileRef = 18E06ABE148A00CE00DA262F /* NurseryView.xib */; };
		18E06AC4148A02AD00DA262F /* ServiceOfferedView.m in Sources */ = {isa = PBXBuildFile; fileRef = 18E06AC2148A02AD00DA262F /* ServiceOfferedView.m */; };
		18E06AC5148A02AD00DA262F /* ServiceOfferedView.xib in Resources */ = {isa = PBXBuildFile; fileRef = 18E06AC3148A02AD00DA262F /* ServiceOfferedView.xib */; };
		18E06AC9148A02D200DA262F /* SpecialOffersView.m in Sources */ = {isa = PBXBuildFile; fileRef = 18E06AC7148A02D100DA262F /* SpecialOffersView.m */; };
		18E06ACA148A02D200DA262F /* SpecialOffersView.xib in Resources */ = {isa = PBXBuildFile; fileRef = 18E06AC8148A02D200DA262F /* SpecialOffersView.xib */; };
		18E06ACE148A02F300DA262F /* Locations.m in Sources */ = {isa = PBXBuildFile; fileRef = 18E06ACC148A02F200DA262F /* Locations.m */; };
		18E06ACF148A02F300DA262F /* Locations.xib in Resources */ = {isa = PBXBuildFile; fileRef = 18E06ACD148A02F300DA262F /* Locations.xib */; };
		18E06AD3148A031E00DA262F /* OpeningTimesView.m in Sources */ = {isa = PBXBuildFile; fileRef = 18E06AD1148A031D00DA262F /* OpeningTimesView.m */; };
		18E06AD4148A031E00DA262F /* OpeningTimesView.xib in Resources */ = {isa = PBXBuildFile; fileRef = 18E06AD2148A031D00DA262F /* OpeningTimesView.xib */; };
		18E06AD8148A034B00DA262F /* ExhibitionsShowsView.m in Sources */ = {isa = PBXBuildFile; fileRef = 18E06AD6148A034900DA262F /* ExhibitionsShowsView.m */; };
		18E06AD9148A034B00DA262F /* ExhibitionsShowsView.xib in Resources */ = {isa = PBXBuildFile; fileRef = 18E06AD7148A034A00DA262F /* ExhibitionsShowsView.xib */; };
		18E06ADE148A081300DA262F /* SearchCustomCell.xib in Resources */ = {isa = PBXBuildFile; fileRef = 18E06ADC148A081200DA262F /* SearchCustomCell.xib */; };
		18E06AE0148A0BEC00DA262F /* PlantImg.jpg in Resources */ = {isa = PBXBuildFile; fileRef = 18E06ADF148A0BEC00DA262F /* PlantImg.jpg */; };
		1D3623260D0F684500981E51 /* Find_Me_That_PlantAppDelegate.m in Sources */ = {isa = PBXBuildFile; fileRef = 1D3623250D0F684500981E51 /* Find_Me_That_PlantAppDelegate.m */; };
		1D60589B0D05DD56006BFB54 /* main.m in Sources */ = {isa = PBXBuildFile; fileRef = 29B97316FDCFA39411CA2CEA /* main.m */; };
		1D60589F0D05DD5A006BFB54 /* Foundation.framework in Frameworks */ = {isa = PBXBuildFile; fileRef = 1D30AB110D05D00D00671497 /* Foundation.framework */; };
		1DF5F4E00D08C38300B7A737 /* UIKit.framework in Frameworks */ = {isa = PBXBuildFile; fileRef = 1DF5F4DF0D08C38300B7A737 /* UIKit.framework */; };
		2892E4100DC94CBA00A64D0F /* CoreGraphics.framework in Frameworks */ = {isa = PBXBuildFile; fileRef = 2892E40F0DC94CBA00A64D0F /* CoreGraphics.framework */; };
		28AD73600D9D9599002E5188 /* MainWindow.xib in Resources */ = {isa = PBXBuildFile; fileRef = 28AD735F0D9D9599002E5188 /* MainWindow.xib */; };
		28C286E10D94DF7D0034E888 /* RootViewController.m in Sources */ = {isa = PBXBuildFile; fileRef = 28C286E00D94DF7D0034E888 /* RootViewController.m */; };
		28F335F11007B36200424DE2 /* RootViewController.xib in Resources */ = {isa = PBXBuildFile; fileRef = 28F335F01007B36200424DE2 /* RootViewController.xib */; };
		5D0633FE14DBAA3A00523735 /* NSObject+SBJSON.m in Sources */ = {isa = PBXBuildFile; fileRef = 5D0633F114DBAA3900523735 /* NSObject+SBJSON.m */; };
		5D0633FF14DBAA3A00523735 /* NSString+SBJSON.m in Sources */ = {isa = PBXBuildFile; fileRef = 5D0633F314DBAA3900523735 /* NSString+SBJSON.m */; };
		5D06340014DBAA3A00523735 /* SBJSON.m in Sources */ = {isa = PBXBuildFile; fileRef = 5D0633F514DBAA3900523735 /* SBJSON.m */; };
		5D06340114DBAA3A00523735 /* SBJsonBase.m in Sources */ = {isa = PBXBuildFile; fileRef = 5D0633F714DBAA3900523735 /* SBJsonBase.m */; };
		5D06340214DBAA3A00523735 /* SBJsonParser.m in Sources */ = {isa = PBXBuildFile; fileRef = 5D0633F914DBAA3900523735 /* SBJsonParser.m */; };
		5D06340314DBAA3A00523735 /* SBJsonWriter.m in Sources */ = {isa = PBXBuildFile; fileRef = 5D0633FB14DBAA3900523735 /* SBJsonWriter.m */; };
		5D06340414DBAA3A00523735 /* JSONParser.m in Sources */ = {isa = PBXBuildFile; fileRef = 5D0633FD14DBAA3900523735 /* JSONParser.m */; };
		5D0635F414DBC55300523735 /* CustomCell.xib in Resources */ = {isa = PBXBuildFile; fileRef = 5D0635F314DBC55300523735 /* CustomCell.xib */; };
		5D0636D414DBE75000523735 /* AlertHandler.m in Sources */ = {isa = PBXBuildFile; fileRef = 5D0636D314DBE75000523735 /* AlertHandler.m */; };
		5D06376614DBEE4D00523735 /* QuartzCore.framework in Frameworks */ = {isa = PBXBuildFile; fileRef = 5D06376514DBEE4D00523735 /* QuartzCore.framework */; };
		5D8FDCD614E274DA006BD705 /* back button.png in Resources */ = {isa = PBXBuildFile; fileRef = 5D8FDCD514E274DA006BD705 /* back button.png */; };
		5D9FAEC514E1314A007E39E9 /* searchbutton.png in Resources */ = {isa = PBXBuildFile; fileRef = 5D9FAEC414E1314A007E39E9 /* searchbutton.png */; };
		5D9FAECC14E131F1007E39E9 /* browsecat.png in Resources */ = {isa = PBXBuildFile; fileRef = 5D9FAECB14E131F1007E39E9 /* browsecat.png */; };
		5D9FAEF714E13577007E39E9 /* plantnav.png in Resources */ = {isa = PBXBuildFile; fileRef = 5D9FAEF614E13577007E39E9 /* plantnav.png */; };
		5D9FAF1614E138C1007E39E9 /* cellbackground.png in Resources */ = {isa = PBXBuildFile; fileRef = 5D9FAF1514E138C1007E39E9 /* cellbackground.png */; };
		5D9FAF3314E13F22007E39E9 /* Default.png in Resources */ = {isa = PBXBuildFile; fileRef = 5D9FAF3214E13F22007E39E9 /* Default.png */; };
		5D9FAF4C14E1457B007E39E9 /* nurserycell.png in Resources */ = {isa = PBXBuildFile; fileRef = 5D9FAF4B14E1457B007E39E9 /* nurserycell.png */; };
		5D9FAFEA14E15B78007E39E9 /* imagebackground.png in Resources */ = {isa = PBXBuildFile; fileRef = 5D9FAFE914E15B78007E39E9 /* imagebackground.png */; };
		5DAD85FE14DFDB56002C1572 /* images.jpg in Resources */ = {isa = PBXBuildFile; fileRef = 5DAD85FD14DFDB56002C1572 /* images.jpg */; };
		5DD2710E14E2495D0043A636 /* tab2.png in Resources */ = {isa = PBXBuildFile; fileRef = 5DD2710D14E2495C0043A636 /* tab2.png */; };
		5DD2711314E24A0D0043A636 /* nurtab.png in Resources */ = {isa = PBXBuildFile; fileRef = 5DD2711214E24A0D0043A636 /* nurtab.png */; };
		5DD2712614E24B850043A636 /* planttab.png in Resources */ = {isa = PBXBuildFile; fileRef = 5DD2712514E24B850043A636 /* planttab.png */; };
		5DD2718614E253C60043A636 /* browse.png in Resources */ = {isa = PBXBuildFile; fileRef = 5DD2718514E253C60043A636 /* browse.png */; };
		5DD2718D14E254770043A636 /* searchtext.png in Resources */ = {isa = PBXBuildFile; fileRef = 5DD2718C14E254770043A636 /* searchtext.png */; };
		5E97CDFA152311CB003D6C2E /* EnlargeImageView.m in Sources */ = {isa = PBXBuildFile; fileRef = 5E97CDF8152311C8003D6C2E /* EnlargeImageView.m */; };
		5E97CDFB152311CB003D6C2E /* EnlargeImageView.xib in Resources */ = {isa = PBXBuildFile; fileRef = 5E97CDF9152311CA003D6C2E /* EnlargeImageView.xib */; };
		5E97CDFE15232386003D6C2E /* EGOCache.m in Sources */ = {isa = PBXBuildFile; fileRef = 5E97CDFD15232386003D6C2E /* EGOCache.m */; };
		5E97CE01152323D3003D6C2E /* EGOImageButton.m in Sources */ = {isa = PBXBuildFile; fileRef = 5E97CE00152323D3003D6C2E /* EGOImageButton.m */; };
		5E97CE06152323DF003D6C2E /* EGOImageLoadConnection.m in Sources */ = {isa = PBXBuildFile; fileRef = 5E97CE03152323DF003D6C2E /* EGOImageLoadConnection.m */; };
		5E97CE07152323DF003D6C2E /* EGOImageLoader.m in Sources */ = {isa = PBXBuildFile; fileRef = 5E97CE05152323DF003D6C2E /* EGOImageLoader.m */; };
		5E97CE0A152323E9003D6C2E /* EGOImageView.m in Sources */ = {isa = PBXBuildFile; fileRef = 5E97CE09152323E9003D6C2E /* EGOImageView.m */; };
		5EA00EB1152B1660006774CC /* rootview_background.png in Resources */ = {isa = PBXBuildFile; fileRef = 5EA00EAF152B1660006774CC /* rootview_background.png */; };
		5EA00EB2152B1660006774CC /* rootview_background@2x.png in Resources */ = {isa = PBXBuildFile; fileRef = 5EA00EB0152B1660006774CC /* rootview_background@2x.png */; };
		5EA4767D1513021300779C10 /* left@2x.png in Resources */ = {isa = PBXBuildFile; fileRef = 5EA4767B1513021200779C10 /* left@2x.png */; };
		5EA4767E1513021300779C10 /* right@2x.png in Resources */ = {isa = PBXBuildFile; fileRef = 5EA4767C1513021200779C10 /* right@2x.png */; };
		5EA476811513033F00779C10 /* left.png in Resources */ = {isa = PBXBuildFile; fileRef = 5EA4767F1513033F00779C10 /* left.png */; };
		5EA476821513033F00779C10 /* right.png in Resources */ = {isa = PBXBuildFile; fileRef = 5EA476801513033F00779C10 /* right.png */; };
		5EB96184150F2CC90067B090 /* back button@2x.png in Resources */ = {isa = PBXBuildFile; fileRef = 5EB96175150F2CC90067B090 /* back button@2x.png */; };
		5EB96185150F2CC90067B090 /* browsecat@2x.png in Resources */ = {isa = PBXBuildFile; fileRef = 5EB96176150F2CC90067B090 /* browsecat@2x.png */; };
		5EB96188150F2CC90067B090 /* cellbackground@2x.png in Resources */ = {isa = PBXBuildFile; fileRef = 5EB96179150F2CC90067B090 /* cellbackground@2x.png */; };
		5EB9618B150F2CC90067B090 /* nurtab@2x.png in Resources */ = {isa = PBXBuildFile; fileRef = 5EB9617C150F2CC90067B090 /* nurtab@2x.png */; };
		5EB9618C150F2CC90067B090 /* plantnav@2x.png in Resources */ = {isa = PBXBuildFile; fileRef = 5EB9617D150F2CC90067B090 /* plantnav@2x.png */; };
		5EB9618D150F2CC90067B090 /* planttab@2x.png in Resources */ = {isa = PBXBuildFile; fileRef = 5EB9617E150F2CC90067B090 /* planttab@2x.png */; };
		5EB9618F150F2CC90067B090 /* searchbutton@2x.png in Resources */ = {isa = PBXBuildFile; fileRef = 5EB96180150F2CC90067B090 /* searchbutton@2x.png */; };
		5EB96190150F2CC90067B090 /* searchtext@2x.png in Resources */ = {isa = PBXBuildFile; fileRef = 5EB96181150F2CC90067B090 /* searchtext@2x.png */; };
		5EB96191150F2CC90067B090 /* SerchBar.png in Resources */ = {isa = PBXBuildFile; fileRef = 5EB96182150F2CC90067B090 /* SerchBar.png */; };
		5EB96192150F2CC90067B090 /* SerchBar@2x.png in Resources */ = {isa = PBXBuildFile; fileRef = 5EB96183150F2CC90067B090 /* SerchBar@2x.png */; };
		5EB961A2150F30710067B090 /* browse@2x.png in Resources */ = {isa = PBXBuildFile; fileRef = 5EB961A1150F30710067B090 /* browse@2x.png */; };
		5EB961BC150F3F460067B090 /* nurserycell@2x.png in Resources */ = {isa = PBXBuildFile; fileRef = 5EB961BB150F3F460067B090 /* nurserycell@2x.png */; };
		840D33AD152B352B00191EC5 /* EGOEnlargeView.m in Sources */ = {isa = PBXBuildFile; fileRef = 840D33AC152B352B00191EC5 /* EGOEnlargeView.m */; };
		84499B501498795D00ACF164 /* NursarylistViewController.m in Sources */ = {isa = PBXBuildFile; fileRef = 84499B4E1498795D00ACF164 /* NursarylistViewController.m */; };
		84499B511498795D00ACF164 /* NursarylistViewController.xib in Resources */ = {isa = PBXBuildFile; fileRef = 84499B4F1498795D00ACF164 /* NursarylistViewController.xib */; };
		84499C2914989C7000ACF164 /* point.png in Resources */ = {isa = PBXBuildFile; fileRef = 84499C2514989C7000ACF164 /* point.png */; };
		84499C2A14989C7000ACF164 /* point@2x.png in Resources */ = {isa = PBXBuildFile; fileRef = 84499C2614989C7000ACF164 /* point@2x.png */; };
		84499C2B14989C7000ACF164 /* selectedPoint.png in Resources */ = {isa = PBXBuildFile; fileRef = 84499C2714989C7000ACF164 /* selectedPoint.png */; };
		84499C2C14989C7000ACF164 /* selectedPoint@2x.png in Resources */ = {isa = PBXBuildFile; fileRef = 84499C2814989C7000ACF164 /* selectedPoint@2x.png */; };
		84A8427E1519A656005145BA /* icon.png in Resources */ = {isa = PBXBuildFile; fileRef = 84A8427C1519A656005145BA /* icon.png */; };
		84A8427F1519A656005145BA /* icon@2x.png in Resources */ = {isa = PBXBuildFile; fileRef = 84A8427D1519A656005145BA /* icon@2x.png */; };
		84A842821519A87A005145BA /* iTunesArtwork in Resources */ = {isa = PBXBuildFile; fileRef = 84A842811519A87A005145BA /* iTunesArtwork */; };
		F4A92FFB149B0D5A0084CA32 /* websiteview.m in Sources */ = {isa = PBXBuildFile; fileRef = F4A92FF9149B0D5A0084CA32 /* websiteview.m */; };
		F4A92FFC149B0D5A0084CA32 /* websiteview.xib in Resources */ = {isa = PBXBuildFile; fileRef = F4A92FFA149B0D5A0084CA32 /* websiteview.xib */; };
/* End PBXBuildFile section */

/* Begin PBXFileReference section */
		1890E0EC149091D40065A777 /* Image2.jpg */ = {isa = PBXFileReference; lastKnownFileType = image.jpeg; path = Image2.jpg; sourceTree = "<group>"; };
		1890E0ED149091D40065A777 /* Image3.jpg */ = {isa = PBXFileReference; lastKnownFileType = image.jpeg; path = Image3.jpg; sourceTree = "<group>"; };
		1890E0EE149091D40065A777 /* Image4.jpg */ = {isa = PBXFileReference; lastKnownFileType = image.jpeg; path = Image4.jpg; sourceTree = "<group>"; };
		1890E0EF149091D40065A777 /* MainImage.jpg */ = {isa = PBXFileReference; lastKnownFileType = image.jpeg; path = MainImage.jpg; sourceTree = "<group>"; };
		1890E0F0149091D40065A777 /* Plant1.jpg */ = {isa = PBXFileReference; lastKnownFileType = image.jpeg; path = Plant1.jpg; sourceTree = "<group>"; };
		1890E0F1149091D40065A777 /* Plant2.jpg */ = {isa = PBXFileReference; lastKnownFileType = image.jpeg; path = Plant2.jpg; sourceTree = "<group>"; };
		1890E0F2149091D40065A777 /* Plant3.jpg */ = {isa = PBXFileReference; lastKnownFileType = image.jpeg; path = Plant3.jpg; sourceTree = "<group>"; };
		1890E0F3149091D40065A777 /* Plant4.jpg */ = {isa = PBXFileReference; lastKnownFileType = image.jpeg; path = Plant4.jpg; sourceTree = "<group>"; };
		1890E0F4149091D40065A777 /* Plant5.jpg */ = {isa = PBXFileReference; lastKnownFileType = image.jpeg; path = Plant5.jpg; sourceTree = "<group>"; };
		18949AAD148FA0D1002F3AC0 /* InvitationInfo.h */ = {isa = PBXFileReference; fileEncoding = 4; lastKnownFileType = sourcecode.c.h; path = InvitationInfo.h; sourceTree = "<group>"; };
		18949AAE148FA0D4002F3AC0 /* InvitationInfo.m */ = {isa = PBXFileReference; fileEncoding = 4; lastKnownFileType = sourcecode.c.objc; path = InvitationInfo.m; sourceTree = "<group>"; };
		18949AAF148FA0D5002F3AC0 /* InvitationInfo.xib */ = {isa = PBXFileReference; fileEncoding = 4; lastKnownFileType = file.xib; path = InvitationInfo.xib; sourceTree = "<group>"; };
		18E06A9B1489F02900DA262F /* SearchView.h */ = {isa = PBXFileReference; fileEncoding = 4; lastKnownFileType = sourcecode.c.h; path = SearchView.h; sourceTree = "<group>"; };
		18E06A9C1489F02900DA262F /* SearchView.m */ = {isa = PBXFileReference; fileEncoding = 4; lastKnownFileType = sourcecode.c.objc; lineEnding = 0; path = SearchView.m; sourceTree = "<group>"; xcLanguageSpecificationIdentifier = xcode.lang.objc; };
		18E06A9D1489F02900DA262F /* SearchView.xib */ = {isa = PBXFileReference; fileEncoding = 4; lastKnownFileType = file.xib; path = SearchView.xib; sourceTree = "<group>"; };
		18E06AAB1489F2AD00DA262F /* BrowseView.h */ = {isa = PBXFileReference; fileEncoding = 4; lastKnownFileType = sourcecode.c.h; path = BrowseView.h; sourceTree = "<group>"; };
		18E06AAC1489F2AD00DA262F /* BrowseView.m */ = {isa = PBXFileReference; fileEncoding = 4; lastKnownFileType = sourcecode.c.objc; path = BrowseView.m; sourceTree = "<group>"; };
		18E06AAD1489F2AD00DA262F /* BrowseView.xib */ = {isa = PBXFileReference; fileEncoding = 4; lastKnownFileType = file.xib; path = BrowseView.xib; sourceTree = "<group>"; };
		18E06AB01489F55800DA262F /* BrowsePlantView.h */ = {isa = PBXFileReference; fileEncoding = 4; lastKnownFileType = sourcecode.c.h; path = BrowsePlantView.h; sourceTree = "<group>"; };
		18E06AB11489F55800DA262F /* BrowsePlantView.m */ = {isa = PBXFileReference; fileEncoding = 4; lastKnownFileType = sourcecode.c.objc; path = BrowsePlantView.m; sourceTree = "<group>"; };
		18E06AB21489F55800DA262F /* BrowsePlantView.xib */ = {isa = PBXFileReference; fileEncoding = 4; lastKnownFileType = file.xib; path = BrowsePlantView.xib; sourceTree = "<group>"; };
		18E06AB51489F69300DA262F /* PlantDataView.h */ = {isa = PBXFileReference; fileEncoding = 4; lastKnownFileType = sourcecode.c.h; path = PlantDataView.h; sourceTree = "<group>"; };
		18E06AB61489F69300DA262F /* PlantDataView.m */ = {isa = PBXFileReference; fileEncoding = 4; lastKnownFileType = sourcecode.c.objc; path = PlantDataView.m; sourceTree = "<group>"; };
		18E06AB71489F69300DA262F /* PlantDataView.xib */ = {isa = PBXFileReference; fileEncoding = 4; lastKnownFileType = file.xib; path = PlantDataView.xib; sourceTree = "<group>"; };
		18E06ABC148A00CE00DA262F /* NurseryView.h */ = {isa = PBXFileReference; fileEncoding = 4; lastKnownFileType = sourcecode.c.h; path = NurseryView.h; sourceTree = "<group>"; };
		18E06ABD148A00CE00DA262F /* NurseryView.m */ = {isa = PBXFileReference; fileEncoding = 4; lastKnownFileType = sourcecode.c.objc; lineEnding = 0; path = NurseryView.m; sourceTree = "<group>"; xcLanguageSpecificationIdentifier = xcode.lang.objc; };
		18E06ABE148A00CE00DA262F /* NurseryView.xib */ = {isa = PBXFileReference; fileEncoding = 4; lastKnownFileType = file.xib; path = NurseryView.xib; sourceTree = "<group>"; };
		18E06AC1148A02AC00DA262F /* ServiceOfferedView.h */ = {isa = PBXFileReference; fileEncoding = 4; lastKnownFileType = sourcecode.c.h; path = ServiceOfferedView.h; sourceTree = "<group>"; };
		18E06AC2148A02AD00DA262F /* ServiceOfferedView.m */ = {isa = PBXFileReference; fileEncoding = 4; lastKnownFileType = sourcecode.c.objc; path = ServiceOfferedView.m; sourceTree = "<group>"; };
		18E06AC3148A02AD00DA262F /* ServiceOfferedView.xib */ = {isa = PBXFileReference; fileEncoding = 4; lastKnownFileType = file.xib; path = ServiceOfferedView.xib; sourceTree = "<group>"; };
		18E06AC6148A02D100DA262F /* SpecialOffersView.h */ = {isa = PBXFileReference; fileEncoding = 4; lastKnownFileType = sourcecode.c.h; path = SpecialOffersView.h; sourceTree = "<group>"; };
		18E06AC7148A02D100DA262F /* SpecialOffersView.m */ = {isa = PBXFileReference; fileEncoding = 4; lastKnownFileType = sourcecode.c.objc; path = SpecialOffersView.m; sourceTree = "<group>"; };
		18E06AC8148A02D200DA262F /* SpecialOffersView.xib */ = {isa = PBXFileReference; fileEncoding = 4; lastKnownFileType = file.xib; path = SpecialOffersView.xib; sourceTree = "<group>"; };
		18E06ACB148A02F200DA262F /* Locations.h */ = {isa = PBXFileReference; fileEncoding = 4; lastKnownFileType = sourcecode.c.h; path = Locations.h; sourceTree = "<group>"; };
		18E06ACC148A02F200DA262F /* Locations.m */ = {isa = PBXFileReference; fileEncoding = 4; lastKnownFileType = sourcecode.c.objc; path = Locations.m; sourceTree = "<group>"; };
		18E06ACD148A02F300DA262F /* Locations.xib */ = {isa = PBXFileReference; fileEncoding = 4; lastKnownFileType = file.xib; path = Locations.xib; sourceTree = "<group>"; };
		18E06AD0148A031C00DA262F /* OpeningTimesView.h */ = {isa = PBXFileReference; fileEncoding = 4; lastKnownFileType = sourcecode.c.h; path = OpeningTimesView.h; sourceTree = "<group>"; };
		18E06AD1148A031D00DA262F /* OpeningTimesView.m */ = {isa = PBXFileReference; fileEncoding = 4; lastKnownFileType = sourcecode.c.objc; path = OpeningTimesView.m; sourceTree = "<group>"; };
		18E06AD2148A031D00DA262F /* OpeningTimesView.xib */ = {isa = PBXFileReference; fileEncoding = 4; lastKnownFileType = file.xib; path = OpeningTimesView.xib; sourceTree = "<group>"; };
		18E06AD5148A034900DA262F /* ExhibitionsShowsView.h */ = {isa = PBXFileReference; fileEncoding = 4; lastKnownFileType = sourcecode.c.h; path = ExhibitionsShowsView.h; sourceTree = "<group>"; };
		18E06AD6148A034900DA262F /* ExhibitionsShowsView.m */ = {isa = PBXFileReference; fileEncoding = 4; lastKnownFileType = sourcecode.c.objc; path = ExhibitionsShowsView.m; sourceTree = "<group>"; };
		18E06AD7148A034A00DA262F /* ExhibitionsShowsView.xib */ = {isa = PBXFileReference; fileEncoding = 4; lastKnownFileType = file.xib; path = ExhibitionsShowsView.xib; sourceTree = "<group>"; };
		18E06ADC148A081200DA262F /* SearchCustomCell.xib */ = {isa = PBXFileReference; fileEncoding = 4; lastKnownFileType = file.xib; path = SearchCustomCell.xib; sourceTree = "<group>"; };
		18E06ADF148A0BEC00DA262F /* PlantImg.jpg */ = {isa = PBXFileReference; lastKnownFileType = image.jpeg; path = PlantImg.jpg; sourceTree = "<group>"; };
		1D30AB110D05D00D00671497 /* Foundation.framework */ = {isa = PBXFileReference; lastKnownFileType = wrapper.framework; name = Foundation.framework; path = System/Library/Frameworks/Foundation.framework; sourceTree = SDKROOT; };
		1D3623240D0F684500981E51 /* Find_Me_That_PlantAppDelegate.h */ = {isa = PBXFileReference; fileEncoding = 4; lastKnownFileType = sourcecode.c.h; path = Find_Me_That_PlantAppDelegate.h; sourceTree = "<group>"; };
		1D3623250D0F684500981E51 /* Find_Me_That_PlantAppDelegate.m */ = {isa = PBXFileReference; fileEncoding = 4; lastKnownFileType = sourcecode.c.objc; path = Find_Me_That_PlantAppDelegate.m; sourceTree = "<group>"; };
		1D6058910D05DD3D006BFB54 /* Find Me That Plant.app */ = {isa = PBXFileReference; explicitFileType = wrapper.application; includeInIndex = 0; path = "Find Me That Plant.app"; sourceTree = BUILT_PRODUCTS_DIR; };
		1DF5F4DF0D08C38300B7A737 /* UIKit.framework */ = {isa = PBXFileReference; lastKnownFileType = wrapper.framework; name = UIKit.framework; path = System/Library/Frameworks/UIKit.framework; sourceTree = SDKROOT; };
		2892E40F0DC94CBA00A64D0F /* CoreGraphics.framework */ = {isa = PBXFileReference; lastKnownFileType = wrapper.framework; name = CoreGraphics.framework; path = System/Library/Frameworks/CoreGraphics.framework; sourceTree = SDKROOT; };
		28A0AAE50D9B0CCF005BE974 /* Find_Me_That_Plant_Prefix.pch */ = {isa = PBXFileReference; fileEncoding = 4; lastKnownFileType = sourcecode.c.h; path = Find_Me_That_Plant_Prefix.pch; sourceTree = "<group>"; };
		28AD735F0D9D9599002E5188 /* MainWindow.xib */ = {isa = PBXFileReference; lastKnownFileType = file.xib; path = MainWindow.xib; sourceTree = "<group>"; };
		28C286DF0D94DF7D0034E888 /* RootViewController.h */ = {isa = PBXFileReference; fileEncoding = 4; lastKnownFileType = sourcecode.c.h; path = RootViewController.h; sourceTree = "<group>"; };
		28C286E00D94DF7D0034E888 /* RootViewController.m */ = {isa = PBXFileReference; fileEncoding = 4; lastKnownFileType = sourcecode.c.objc; path = RootViewController.m; sourceTree = "<group>"; };
		28F335F01007B36200424DE2 /* RootViewController.xib */ = {isa = PBXFileReference; lastKnownFileType = file.xib; path = RootViewController.xib; sourceTree = "<group>"; };
		29B97316FDCFA39411CA2CEA /* main.m */ = {isa = PBXFileReference; fileEncoding = 4; lastKnownFileType = sourcecode.c.objc; path = main.m; sourceTree = "<group>"; };
		5D0633EF14DBAA3900523735 /* JSON.h */ = {isa = PBXFileReference; fileEncoding = 4; lastKnownFileType = sourcecode.c.h; path = JSON.h; sourceTree = "<group>"; };
		5D0633F014DBAA3900523735 /* NSObject+SBJSON.h */ = {isa = PBXFileReference; fileEncoding = 4; lastKnownFileType = sourcecode.c.h; path = "NSObject+SBJSON.h"; sourceTree = "<group>"; };
		5D0633F114DBAA3900523735 /* NSObject+SBJSON.m */ = {isa = PBXFileReference; fileEncoding = 4; lastKnownFileType = sourcecode.c.objc; path = "NSObject+SBJSON.m"; sourceTree = "<group>"; };
		5D0633F214DBAA3900523735 /* NSString+SBJSON.h */ = {isa = PBXFileReference; fileEncoding = 4; lastKnownFileType = sourcecode.c.h; path = "NSString+SBJSON.h"; sourceTree = "<group>"; };
		5D0633F314DBAA3900523735 /* NSString+SBJSON.m */ = {isa = PBXFileReference; fileEncoding = 4; lastKnownFileType = sourcecode.c.objc; path = "NSString+SBJSON.m"; sourceTree = "<group>"; };
		5D0633F414DBAA3900523735 /* SBJSON.h */ = {isa = PBXFileReference; fileEncoding = 4; lastKnownFileType = sourcecode.c.h; path = SBJSON.h; sourceTree = "<group>"; };
		5D0633F514DBAA3900523735 /* SBJSON.m */ = {isa = PBXFileReference; fileEncoding = 4; lastKnownFileType = sourcecode.c.objc; path = SBJSON.m; sourceTree = "<group>"; };
		5D0633F614DBAA3900523735 /* SBJsonBase.h */ = {isa = PBXFileReference; fileEncoding = 4; lastKnownFileType = sourcecode.c.h; path = SBJsonBase.h; sourceTree = "<group>"; };
		5D0633F714DBAA3900523735 /* SBJsonBase.m */ = {isa = PBXFileReference; fileEncoding = 4; lastKnownFileType = sourcecode.c.objc; path = SBJsonBase.m; sourceTree = "<group>"; };
		5D0633F814DBAA3900523735 /* SBJsonParser.h */ = {isa = PBXFileReference; fileEncoding = 4; lastKnownFileType = sourcecode.c.h; path = SBJsonParser.h; sourceTree = "<group>"; };
		5D0633F914DBAA3900523735 /* SBJsonParser.m */ = {isa = PBXFileReference; fileEncoding = 4; lastKnownFileType = sourcecode.c.objc; path = SBJsonParser.m; sourceTree = "<group>"; };
		5D0633FA14DBAA3900523735 /* SBJsonWriter.h */ = {isa = PBXFileReference; fileEncoding = 4; lastKnownFileType = sourcecode.c.h; path = SBJsonWriter.h; sourceTree = "<group>"; };
		5D0633FB14DBAA3900523735 /* SBJsonWriter.m */ = {isa = PBXFileReference; fileEncoding = 4; lastKnownFileType = sourcecode.c.objc; path = SBJsonWriter.m; sourceTree = "<group>"; };
		5D0633FC14DBAA3900523735 /* JSONParser.h */ = {isa = PBXFileReference; fileEncoding = 4; lastKnownFileType = sourcecode.c.h; path = JSONParser.h; sourceTree = "<group>"; };
		5D0633FD14DBAA3900523735 /* JSONParser.m */ = {isa = PBXFileReference; fileEncoding = 4; lastKnownFileType = sourcecode.c.objc; path = JSONParser.m; sourceTree = "<group>"; };
		5D0635F314DBC55300523735 /* CustomCell.xib */ = {isa = PBXFileReference; lastKnownFileType = file.xib; path = CustomCell.xib; sourceTree = "<group>"; };
		5D0636D214DBE74900523735 /* AlertHandler.h */ = {isa = PBXFileReference; fileEncoding = 4; lastKnownFileType = sourcecode.c.h; path = AlertHandler.h; sourceTree = "<group>"; };
		5D0636D314DBE75000523735 /* AlertHandler.m */ = {isa = PBXFileReference; fileEncoding = 4; lastKnownFileType = sourcecode.c.objc; path = AlertHandler.m; sourceTree = "<group>"; };
		5D06376514DBEE4D00523735 /* QuartzCore.framework */ = {isa = PBXFileReference; lastKnownFileType = wrapper.framework; name = QuartzCore.framework; path = System/Library/Frameworks/QuartzCore.framework; sourceTree = SDKROOT; };
		5D8FDCD514E274DA006BD705 /* back button.png */ = {isa = PBXFileReference; lastKnownFileType = image.png; path = "back button.png"; sourceTree = "<group>"; };
		5D9FAEC414E1314A007E39E9 /* searchbutton.png */ = {isa = PBXFileReference; lastKnownFileType = image.png; path = searchbutton.png; sourceTree = "<group>"; };
		5D9FAECB14E131F1007E39E9 /* browsecat.png */ = {isa = PBXFileReference; lastKnownFileType = image.png; path = browsecat.png; sourceTree = "<group>"; };
		5D9FAEF614E13577007E39E9 /* plantnav.png */ = {isa = PBXFileReference; lastKnownFileType = image.png; path = plantnav.png; sourceTree = "<group>"; };
		5D9FAF1514E138C1007E39E9 /* cellbackground.png */ = {isa = PBXFileReference; lastKnownFileType = image.png; path = cellbackground.png; sourceTree = "<group>"; };
		5D9FAF3214E13F22007E39E9 /* Default.png */ = {isa = PBXFileReference; lastKnownFileType = image.png; path = Default.png; sourceTree = "<group>"; };
		5D9FAF4B14E1457B007E39E9 /* nurserycell.png */ = {isa = PBXFileReference; lastKnownFileType = image.png; path = nurserycell.png; sourceTree = "<group>"; };
		5D9FAFE914E15B78007E39E9 /* imagebackground.png */ = {isa = PBXFileReference; lastKnownFileType = image.png; path = imagebackground.png; sourceTree = "<group>"; };
		5DAD85FD14DFDB56002C1572 /* images.jpg */ = {isa = PBXFileReference; lastKnownFileType = image.jpeg; name = images.jpg; path = Classes/images.jpg; sourceTree = "<group>"; };
		5DD2710D14E2495C0043A636 /* tab2.png */ = {isa = PBXFileReference; lastKnownFileType = image.png; path = tab2.png; sourceTree = "<group>"; };
		5DD2711214E24A0D0043A636 /* nurtab.png */ = {isa = PBXFileReference; lastKnownFileType = image.png; path = nurtab.png; sourceTree = "<group>"; };
		5DD2712514E24B850043A636 /* planttab.png */ = {isa = PBXFileReference; lastKnownFileType = image.png; path = planttab.png; sourceTree = "<group>"; };
		5DD2718514E253C60043A636 /* browse.png */ = {isa = PBXFileReference; lastKnownFileType = image.png; path = browse.png; sourceTree = "<group>"; };
		5DD2718C14E254770043A636 /* searchtext.png */ = {isa = PBXFileReference; lastKnownFileType = image.png; path = searchtext.png; sourceTree = "<group>"; };
		5E97CDF7152311C7003D6C2E /* EnlargeImageView.h */ = {isa = PBXFileReference; fileEncoding = 4; lastKnownFileType = sourcecode.c.h; path = EnlargeImageView.h; sourceTree = "<group>"; };
		5E97CDF8152311C8003D6C2E /* EnlargeImageView.m */ = {isa = PBXFileReference; fileEncoding = 4; lastKnownFileType = sourcecode.c.objc; path = EnlargeImageView.m; sourceTree = "<group>"; };
		5E97CDF9152311CA003D6C2E /* EnlargeImageView.xib */ = {isa = PBXFileReference; fileEncoding = 4; lastKnownFileType = file.xib; path = EnlargeImageView.xib; sourceTree = "<group>"; };
		5E97CDFC15232386003D6C2E /* EGOCache.h */ = {isa = PBXFileReference; fileEncoding = 4; lastKnownFileType = sourcecode.c.h; path = EGOCache.h; sourceTree = "<group>"; };
		5E97CDFD15232386003D6C2E /* EGOCache.m */ = {isa = PBXFileReference; fileEncoding = 4; lastKnownFileType = sourcecode.c.objc; path = EGOCache.m; sourceTree = "<group>"; };
		5E97CDFF152323D3003D6C2E /* EGOImageButton.h */ = {isa = PBXFileReference; fileEncoding = 4; lastKnownFileType = sourcecode.c.h; path = EGOImageButton.h; sourceTree = "<group>"; };
		5E97CE00152323D3003D6C2E /* EGOImageButton.m */ = {isa = PBXFileReference; fileEncoding = 4; lastKnownFileType = sourcecode.c.objc; path = EGOImageButton.m; sourceTree = "<group>"; };
		5E97CE02152323DF003D6C2E /* EGOImageLoadConnection.h */ = {isa = PBXFileReference; fileEncoding = 4; lastKnownFileType = sourcecode.c.h; path = EGOImageLoadConnection.h; sourceTree = "<group>"; };
		5E97CE03152323DF003D6C2E /* EGOImageLoadConnection.m */ = {isa = PBXFileReference; fileEncoding = 4; lastKnownFileType = sourcecode.c.objc; path = EGOImageLoadConnection.m; sourceTree = "<group>"; };
		5E97CE04152323DF003D6C2E /* EGOImageLoader.h */ = {isa = PBXFileReference; fileEncoding = 4; lastKnownFileType = sourcecode.c.h; path = EGOImageLoader.h; sourceTree = "<group>"; };
		5E97CE05152323DF003D6C2E /* EGOImageLoader.m */ = {isa = PBXFileReference; fileEncoding = 4; lastKnownFileType = sourcecode.c.objc; path = EGOImageLoader.m; sourceTree = "<group>"; };
		5E97CE08152323E8003D6C2E /* EGOImageView.h */ = {isa = PBXFileReference; fileEncoding = 4; lastKnownFileType = sourcecode.c.h; path = EGOImageView.h; sourceTree = "<group>"; };
		5E97CE09152323E9003D6C2E /* EGOImageView.m */ = {isa = PBXFileReference; fileEncoding = 4; lastKnownFileType = sourcecode.c.objc; path = EGOImageView.m; sourceTree = "<group>"; };
		5EA00EAF152B1660006774CC /* rootview_background.png */ = {isa = PBXFileReference; lastKnownFileType = image.png; path = rootview_background.png; sourceTree = "<group>"; };
		5EA00EB0152B1660006774CC /* rootview_background@2x.png */ = {isa = PBXFileReference; lastKnownFileType = image.png; path = "rootview_background@2x.png"; sourceTree = "<group>"; };
		5EA4767B1513021200779C10 /* left@2x.png */ = {isa = PBXFileReference; lastKnownFileType = image.png; path = "left@2x.png"; sourceTree = "<group>"; };
		5EA4767C1513021200779C10 /* right@2x.png */ = {isa = PBXFileReference; lastKnownFileType = image.png; path = "right@2x.png"; sourceTree = "<group>"; };
		5EA4767F1513033F00779C10 /* left.png */ = {isa = PBXFileReference; lastKnownFileType = image.png; path = left.png; sourceTree = "<group>"; };
		5EA476801513033F00779C10 /* right.png */ = {isa = PBXFileReference; lastKnownFileType = image.png; path = right.png; sourceTree = "<group>"; };
		5EB96175150F2CC90067B090 /* back button@2x.png */ = {isa = PBXFileReference; lastKnownFileType = image.png; path = "back button@2x.png"; sourceTree = "<group>"; };
		5EB96176150F2CC90067B090 /* browsecat@2x.png */ = {isa = PBXFileReference; lastKnownFileType = image.png; path = "browsecat@2x.png"; sourceTree = "<group>"; };
		5EB96179150F2CC90067B090 /* cellbackground@2x.png */ = {isa = PBXFileReference; lastKnownFileType = image.png; path = "cellbackground@2x.png"; sourceTree = "<group>"; };
		5EB9617C150F2CC90067B090 /* nurtab@2x.png */ = {isa = PBXFileReference; lastKnownFileType = image.png; path = "nurtab@2x.png"; sourceTree = "<group>"; };
		5EB9617D150F2CC90067B090 /* plantnav@2x.png */ = {isa = PBXFileReference; lastKnownFileType = image.png; path = "plantnav@2x.png"; sourceTree = "<group>"; };
		5EB9617E150F2CC90067B090 /* planttab@2x.png */ = {isa = PBXFileReference; lastKnownFileType = image.png; path = "planttab@2x.png"; sourceTree = "<group>"; };
		5EB96180150F2CC90067B090 /* searchbutton@2x.png */ = {isa = PBXFileReference; lastKnownFileType = image.png; path = "searchbutton@2x.png"; sourceTree = "<group>"; };
		5EB96181150F2CC90067B090 /* searchtext@2x.png */ = {isa = PBXFileReference; lastKnownFileType = image.png; path = "searchtext@2x.png"; sourceTree = "<group>"; };
		5EB96182150F2CC90067B090 /* SerchBar.png */ = {isa = PBXFileReference; lastKnownFileType = image.png; path = SerchBar.png; sourceTree = "<group>"; };
		5EB96183150F2CC90067B090 /* SerchBar@2x.png */ = {isa = PBXFileReference; lastKnownFileType = image.png; path = "SerchBar@2x.png"; sourceTree = "<group>"; };
		5EB961A1150F30710067B090 /* browse@2x.png */ = {isa = PBXFileReference; lastKnownFileType = image.png; path = "browse@2x.png"; sourceTree = "<group>"; };
		5EB961BB150F3F460067B090 /* nurserycell@2x.png */ = {isa = PBXFileReference; lastKnownFileType = image.png; path = "nurserycell@2x.png"; sourceTree = "<group>"; };
		840D33AB152B352B00191EC5 /* EGOEnlargeView.h */ = {isa = PBXFileReference; fileEncoding = 4; lastKnownFileType = sourcecode.c.h; path = EGOEnlargeView.h; sourceTree = "<group>"; };
		840D33AC152B352B00191EC5 /* EGOEnlargeView.m */ = {isa = PBXFileReference; fileEncoding = 4; lastKnownFileType = sourcecode.c.objc; path = EGOEnlargeView.m; sourceTree = "<group>"; };
		84499B4D1498795D00ACF164 /* NursarylistViewController.h */ = {isa = PBXFileReference; fileEncoding = 4; lastKnownFileType = sourcecode.c.h; path = NursarylistViewController.h; sourceTree = "<group>"; };
		84499B4E1498795D00ACF164 /* NursarylistViewController.m */ = {isa = PBXFileReference; fileEncoding = 4; lastKnownFileType = sourcecode.c.objc; path = NursarylistViewController.m; sourceTree = "<group>"; };
		84499B4F1498795D00ACF164 /* NursarylistViewController.xib */ = {isa = PBXFileReference; fileEncoding = 4; lastKnownFileType = file.xib; path = NursarylistViewController.xib; sourceTree = "<group>"; };
		84499C2514989C7000ACF164 /* point.png */ = {isa = PBXFileReference; lastKnownFileType = image.png; name = point.png; path = images/point.png; sourceTree = "<group>"; };
		84499C2614989C7000ACF164 /* point@2x.png */ = {isa = PBXFileReference; lastKnownFileType = image.png; name = "point@2x.png"; path = "images/point@2x.png"; sourceTree = "<group>"; };
		84499C2714989C7000ACF164 /* selectedPoint.png */ = {isa = PBXFileReference; lastKnownFileType = image.png; name = selectedPoint.png; path = images/selectedPoint.png; sourceTree = "<group>"; };
		84499C2814989C7000ACF164 /* selectedPoint@2x.png */ = {isa = PBXFileReference; lastKnownFileType = image.png; name = "selectedPoint@2x.png"; path = "images/selectedPoint@2x.png"; sourceTree = "<group>"; };
		84A8427C1519A656005145BA /* icon.png */ = {isa = PBXFileReference; lastKnownFileType = image.png; path = icon.png; sourceTree = "<group>"; };
		84A8427D1519A656005145BA /* icon@2x.png */ = {isa = PBXFileReference; lastKnownFileType = image.png; path = "icon@2x.png"; sourceTree = "<group>"; };
		84A842811519A87A005145BA /* iTunesArtwork */ = {isa = PBXFileReference; lastKnownFileType = file; path = iTunesArtwork; sourceTree = "<group>"; };
		8D1107310486CEB800E47090 /* Find_Me_That_Plant-Info.plist */ = {isa = PBXFileReference; fileEncoding = 4; lastKnownFileType = text.plist.xml; path = "Find_Me_That_Plant-Info.plist"; plistStructureDefinitionIdentifier = "com.apple.xcode.plist.structure-definition.iphone.info-plist"; sourceTree = "<group>"; };
		F4A92FF8149B0D5A0084CA32 /* websiteview.h */ = {isa = PBXFileReference; fileEncoding = 4; lastKnownFileType = sourcecode.c.h; path = websiteview.h; sourceTree = "<group>"; };
		F4A92FF9149B0D5A0084CA32 /* websiteview.m */ = {isa = PBXFileReference; fileEncoding = 4; lastKnownFileType = sourcecode.c.objc; path = websiteview.m; sourceTree = "<group>"; };
		F4A92FFA149B0D5A0084CA32 /* websiteview.xib */ = {isa = PBXFileReference; lastKnownFileType = file.xib; path = websiteview.xib; sourceTree = "<group>"; };
/* End PBXFileReference section */

/* Begin PBXFrameworksBuildPhase section */
		1D60588F0D05DD3D006BFB54 /* Frameworks */ = {
			isa = PBXFrameworksBuildPhase;
			buildActionMask = 2147483647;
			files = (
				1D60589F0D05DD5A006BFB54 /* Foundation.framework in Frameworks */,
				1DF5F4E00D08C38300B7A737 /* UIKit.framework in Frameworks */,
				2892E4100DC94CBA00A64D0F /* CoreGraphics.framework in Frameworks */,
				5D06376614DBEE4D00523735 /* QuartzCore.framework in Frameworks */,
			);
			runOnlyForDeploymentPostprocessing = 0;
		};
/* End PBXFrameworksBuildPhase section */

/* Begin PBXGroup section */
		080E96DDFE201D6D7F000001 /* Classes */ = {
			isa = PBXGroup;
			children = (
				5D06375114DBEDA500523735 /* EGOImageLoading */,
				5D0633EE14DBAA3900523735 /* JSON */,
				18E06AAA1489F27E00DA262F /* Nursery  */,
				18E06AA91489F26700DA262F /* Plants */,
				1D3623240D0F684500981E51 /* Find_Me_That_PlantAppDelegate.h */,
				1D3623250D0F684500981E51 /* Find_Me_That_PlantAppDelegate.m */,
			);
			path = Classes;
			sourceTree = "<group>";
		};
		18E06AA91489F26700DA262F /* Plants */ = {
			isa = PBXGroup;
			children = (
				28C286DF0D94DF7D0034E888 /* RootViewController.h */,
				28C286E00D94DF7D0034E888 /* RootViewController.m */,
				F4A92FF7149B0D440084CA32 /* websiteview */,
				18E06ABB1489F8C200DA262F /* Browse */,
				18E06ABA1489F8AC00DA262F /* Search */,
			);
			name = Plants;
			sourceTree = "<group>";
		};
		18E06AAA1489F27E00DA262F /* Nursery  */ = {
			isa = PBXGroup;
			children = (
				5D0636D214DBE74900523735 /* AlertHandler.h */,
				5D0636D314DBE75000523735 /* AlertHandler.m */,
				18E06ABC148A00CE00DA262F /* NurseryView.h */,
				18E06ABD148A00CE00DA262F /* NurseryView.m */,
				18E06ABE148A00CE00DA262F /* NurseryView.xib */,
				5D0635F314DBC55300523735 /* CustomCell.xib */,
				18E06AC1148A02AC00DA262F /* ServiceOfferedView.h */,
				18E06AC2148A02AD00DA262F /* ServiceOfferedView.m */,
				18E06AC3148A02AD00DA262F /* ServiceOfferedView.xib */,
				18E06AC6148A02D100DA262F /* SpecialOffersView.h */,
				18E06AC7148A02D100DA262F /* SpecialOffersView.m */,
				18E06AC8148A02D200DA262F /* SpecialOffersView.xib */,
				18E06ACB148A02F200DA262F /* Locations.h */,
				18E06ACC148A02F200DA262F /* Locations.m */,
				18E06ACD148A02F300DA262F /* Locations.xib */,
				18E06AD0148A031C00DA262F /* OpeningTimesView.h */,
				18E06AD1148A031D00DA262F /* OpeningTimesView.m */,
				18E06AD2148A031D00DA262F /* OpeningTimesView.xib */,
				18E06AD5148A034900DA262F /* ExhibitionsShowsView.h */,
				18E06AD6148A034900DA262F /* ExhibitionsShowsView.m */,
				18E06AD7148A034A00DA262F /* ExhibitionsShowsView.xib */,
				84499B4D1498795D00ACF164 /* NursarylistViewController.h */,
				84499B4E1498795D00ACF164 /* NursarylistViewController.m */,
				84499B4F1498795D00ACF164 /* NursarylistViewController.xib */,
			);
			name = "Nursery ";
			sourceTree = "<group>";
		};
		18E06ABA1489F8AC00DA262F /* Search */ = {
			isa = PBXGroup;
			children = (
				18E06A9B1489F02900DA262F /* SearchView.h */,
				18E06A9C1489F02900DA262F /* SearchView.m */,
				18E06A9D1489F02900DA262F /* SearchView.xib */,
				18E06ADC148A081200DA262F /* SearchCustomCell.xib */,
				18949AAD148FA0D1002F3AC0 /* InvitationInfo.h */,
				18949AAE148FA0D4002F3AC0 /* InvitationInfo.m */,
				18949AAF148FA0D5002F3AC0 /* InvitationInfo.xib */,
				5E97CDF7152311C7003D6C2E /* EnlargeImageView.h */,
				5E97CDF8152311C8003D6C2E /* EnlargeImageView.m */,
				5E97CDF9152311CA003D6C2E /* EnlargeImageView.xib */,
			);
			name = Search;
			sourceTree = "<group>";
		};
		18E06ABB1489F8C200DA262F /* Browse */ = {
			isa = PBXGroup;
			children = (
				18E06AAB1489F2AD00DA262F /* BrowseView.h */,
				18E06AAC1489F2AD00DA262F /* BrowseView.m */,
				18E06AAD1489F2AD00DA262F /* BrowseView.xib */,
				18E06AB01489F55800DA262F /* BrowsePlantView.h */,
				18E06AB11489F55800DA262F /* BrowsePlantView.m */,
				18E06AB21489F55800DA262F /* BrowsePlantView.xib */,
				18E06AB51489F69300DA262F /* PlantDataView.h */,
				18E06AB61489F69300DA262F /* PlantDataView.m */,
				18E06AB71489F69300DA262F /* PlantDataView.xib */,
			);
			name = Browse;
			sourceTree = "<group>";
		};
		19C28FACFE9D520D11CA2CBB /* Products */ = {
			isa = PBXGroup;
			children = (
				1D6058910D05DD3D006BFB54 /* Find Me That Plant.app */,
			);
			name = Products;
			sourceTree = "<group>";
		};
		29B97314FDCFA39411CA2CEA /* CustomTemplate */ = {
			isa = PBXGroup;
			children = (
				080E96DDFE201D6D7F000001 /* Classes */,
				29B97315FDCFA39411CA2CEA /* Other Sources */,
				29B97317FDCFA39411CA2CEA /* Resources */,
				29B97323FDCFA39411CA2CEA /* Frameworks */,
				19C28FACFE9D520D11CA2CBB /* Products */,
			);
			name = CustomTemplate;
			sourceTree = "<group>";
		};
		29B97315FDCFA39411CA2CEA /* Other Sources */ = {
			isa = PBXGroup;
			children = (
				28A0AAE50D9B0CCF005BE974 /* Find_Me_That_Plant_Prefix.pch */,
				29B97316FDCFA39411CA2CEA /* main.m */,
			);
			name = "Other Sources";
			sourceTree = "<group>";
		};
		29B97317FDCFA39411CA2CEA /* Resources */ = {
			isa = PBXGroup;
			children = (
				84A842811519A87A005145BA /* iTunesArtwork */,
				84A8427C1519A656005145BA /* icon.png */,
				84A8427D1519A656005145BA /* icon@2x.png */,
				5D9FAE9514E12C06007E39E9 /* psd */,
				84499C2414989C5200ACF164 /* image */,
				28F335F01007B36200424DE2 /* RootViewController.xib */,
				28AD735F0D9D9599002E5188 /* MainWindow.xib */,
				8D1107310486CEB800E47090 /* Find_Me_That_Plant-Info.plist */,
			);
			name = Resources;
			sourceTree = "<group>";
		};
		29B97323FDCFA39411CA2CEA /* Frameworks */ = {
			isa = PBXGroup;
			children = (
				1DF5F4DF0D08C38300B7A737 /* UIKit.framework */,
				1D30AB110D05D00D00671497 /* Foundation.framework */,
				2892E40F0DC94CBA00A64D0F /* CoreGraphics.framework */,
				5D06376514DBEE4D00523735 /* QuartzCore.framework */,
			);
			name = Frameworks;
			sourceTree = "<group>";
		};
		5D0633EE14DBAA3900523735 /* JSON */ = {
			isa = PBXGroup;
			children = (
				5D0633EF14DBAA3900523735 /* JSON.h */,
				5D0633F014DBAA3900523735 /* NSObject+SBJSON.h */,
				5D0633F114DBAA3900523735 /* NSObject+SBJSON.m */,
				5D0633F214DBAA3900523735 /* NSString+SBJSON.h */,
				5D0633F314DBAA3900523735 /* NSString+SBJSON.m */,
				5D0633F414DBAA3900523735 /* SBJSON.h */,
				5D0633F514DBAA3900523735 /* SBJSON.m */,
				5D0633F614DBAA3900523735 /* SBJsonBase.h */,
				5D0633F714DBAA3900523735 /* SBJsonBase.m */,
				5D0633F814DBAA3900523735 /* SBJsonParser.h */,
				5D0633F914DBAA3900523735 /* SBJsonParser.m */,
				5D0633FA14DBAA3900523735 /* SBJsonWriter.h */,
				5D0633FB14DBAA3900523735 /* SBJsonWriter.m */,
				5D0633FC14DBAA3900523735 /* JSONParser.h */,
				5D0633FD14DBAA3900523735 /* JSONParser.m */,
			);
			path = JSON;
			sourceTree = "<group>";
		};
		5D06375114DBEDA500523735 /* EGOImageLoading */ = {
			isa = PBXGroup;
			children = (
				5D06375214DBEDA500523735 /* EGOCache */,
			);
			name = EGOImageLoading;
			sourceTree = "<group>";
		};
		5D06375214DBEDA500523735 /* EGOCache */ = {
			isa = PBXGroup;
			children = (
				5E97CE08152323E8003D6C2E /* EGOImageView.h */,
				5E97CE09152323E9003D6C2E /* EGOImageView.m */,
				5E97CE02152323DF003D6C2E /* EGOImageLoadConnection.h */,
				5E97CE03152323DF003D6C2E /* EGOImageLoadConnection.m */,
				5E97CE04152323DF003D6C2E /* EGOImageLoader.h */,
				5E97CE05152323DF003D6C2E /* EGOImageLoader.m */,
				5E97CDFF152323D3003D6C2E /* EGOImageButton.h */,
				5E97CE00152323D3003D6C2E /* EGOImageButton.m */,
				5E97CDFC15232386003D6C2E /* EGOCache.h */,
				5E97CDFD15232386003D6C2E /* EGOCache.m */,
				840D33AB152B352B00191EC5 /* EGOEnlargeView.h */,
				840D33AC152B352B00191EC5 /* EGOEnlargeView.m */,
			);
			path = EGOCache;
			sourceTree = "<group>";
		};
		5D9FAE9514E12C06007E39E9 /* psd */ = {
			isa = PBXGroup;
			children = (
				5EA00EAF152B1660006774CC /* rootview_background.png */,
				5EA00EB0152B1660006774CC /* rootview_background@2x.png */,
				5EA4767F1513033F00779C10 /* left.png */,
				5EA476801513033F00779C10 /* right.png */,
				5EA4767B1513021200779C10 /* left@2x.png */,
				5EA4767C1513021200779C10 /* right@2x.png */,
				5EB961BB150F3F460067B090 /* nurserycell@2x.png */,
				5EB961A1150F30710067B090 /* browse@2x.png */,
				5EB96175150F2CC90067B090 /* back button@2x.png */,
				5EB96176150F2CC90067B090 /* browsecat@2x.png */,
				5EB96179150F2CC90067B090 /* cellbackground@2x.png */,
				5EB9617C150F2CC90067B090 /* nurtab@2x.png */,
				5EB9617D150F2CC90067B090 /* plantnav@2x.png */,
				5EB9617E150F2CC90067B090 /* planttab@2x.png */,
				5EB96180150F2CC90067B090 /* searchbutton@2x.png */,
				5EB96181150F2CC90067B090 /* searchtext@2x.png */,
				5EB96182150F2CC90067B090 /* SerchBar.png */,
				5EB96183150F2CC90067B090 /* SerchBar@2x.png */,
				5D8FDCD514E274DA006BD705 /* back button.png */,
				5DD2718C14E254770043A636 /* searchtext.png */,
				5DD2718514E253C60043A636 /* browse.png */,
				5DD2712514E24B850043A636 /* planttab.png */,
				5DD2711214E24A0D0043A636 /* nurtab.png */,
				5D9FAFE914E15B78007E39E9 /* imagebackground.png */,
				5D9FAF4B14E1457B007E39E9 /* nurserycell.png */,
				5D9FAF3214E13F22007E39E9 /* Default.png */,
				5D9FAF1514E138C1007E39E9 /* cellbackground.png */,
				5D9FAEF614E13577007E39E9 /* plantnav.png */,
				5D9FAECB14E131F1007E39E9 /* browsecat.png */,
				5D9FAEC414E1314A007E39E9 /* searchbutton.png */,
				5DD2710D14E2495C0043A636 /* tab2.png */,
			);
			name = psd;
			sourceTree = "<group>";
		};
		84499C2414989C5200ACF164 /* image */ = {
			isa = PBXGroup;
			children = (
				5DAD85FD14DFDB56002C1572 /* images.jpg */,
				84499C2514989C7000ACF164 /* point.png */,
				84499C2614989C7000ACF164 /* point@2x.png */,
				84499C2714989C7000ACF164 /* selectedPoint.png */,
				84499C2814989C7000ACF164 /* selectedPoint@2x.png */,
				1890E0EC149091D40065A777 /* Image2.jpg */,
				1890E0ED149091D40065A777 /* Image3.jpg */,
				1890E0EE149091D40065A777 /* Image4.jpg */,
				1890E0EF149091D40065A777 /* MainImage.jpg */,
				1890E0F0149091D40065A777 /* Plant1.jpg */,
				1890E0F1149091D40065A777 /* Plant2.jpg */,
				1890E0F2149091D40065A777 /* Plant3.jpg */,
				1890E0F3149091D40065A777 /* Plant4.jpg */,
				1890E0F4149091D40065A777 /* Plant5.jpg */,
				18E06ADF148A0BEC00DA262F /* PlantImg.jpg */,
			);
			name = image;
			sourceTree = "<group>";
		};
		F4A92FF7149B0D440084CA32 /* websiteview */ = {
			isa = PBXGroup;
			children = (
				F4A92FF8149B0D5A0084CA32 /* websiteview.h */,
				F4A92FF9149B0D5A0084CA32 /* websiteview.m */,
				F4A92FFA149B0D5A0084CA32 /* websiteview.xib */,
			);
			name = websiteview;
			sourceTree = "<group>";
		};
/* End PBXGroup section */

/* Begin PBXNativeTarget section */
		1D6058900D05DD3D006BFB54 /* Find Me That Plant */ = {
			isa = PBXNativeTarget;
			buildConfigurationList = 1D6058960D05DD3E006BFB54 /* Build configuration list for PBXNativeTarget "Find Me That Plant" */;
			buildPhases = (
				1D60588D0D05DD3D006BFB54 /* Resources */,
				1D60588E0D05DD3D006BFB54 /* Sources */,
				1D60588F0D05DD3D006BFB54 /* Frameworks */,
			);
			buildRules = (
			);
			dependencies = (
			);
			name = "Find Me That Plant";
			productName = "Find Me That Plant";
			productReference = 1D6058910D05DD3D006BFB54 /* Find Me That Plant.app */;
			productType = "com.apple.product-type.application";
		};
/* End PBXNativeTarget section */

/* Begin PBXProject section */
		29B97313FDCFA39411CA2CEA /* Project object */ = {
			isa = PBXProject;
			buildConfigurationList = C01FCF4E08A954540054247B /* Build configuration list for PBXProject "Find Me That Plant" */;
			compatibilityVersion = "Xcode 3.1";
			developmentRegion = English;
			hasScannedForEncodings = 1;
			knownRegions = (
				English,
				Japanese,
				French,
				German,
				en,
			);
			mainGroup = 29B97314FDCFA39411CA2CEA /* CustomTemplate */;
			projectDirPath = "";
			projectRoot = "";
			targets = (
				1D6058900D05DD3D006BFB54 /* Find Me That Plant */,
			);
		};
/* End PBXProject section */

/* Begin PBXResourcesBuildPhase section */
		1D60588D0D05DD3D006BFB54 /* Resources */ = {
			isa = PBXResourcesBuildPhase;
			buildActionMask = 2147483647;
			files = (
				28AD73600D9D9599002E5188 /* MainWindow.xib in Resources */,
				28F335F11007B36200424DE2 /* RootViewController.xib in Resources */,
				18E06A9F1489F02A00DA262F /* SearchView.xib in Resources */,
				18E06AAF1489F2AD00DA262F /* BrowseView.xib in Resources */,
				18E06AB41489F55900DA262F /* BrowsePlantView.xib in Resources */,
				18E06AB91489F69300DA262F /* PlantDataView.xib in Resources */,
				18E06AC0148A00CE00DA262F /* NurseryView.xib in Resources */,
				18E06AC5148A02AD00DA262F /* ServiceOfferedView.xib in Resources */,
				18E06ACA148A02D200DA262F /* SpecialOffersView.xib in Resources */,
				18E06ACF148A02F300DA262F /* Locations.xib in Resources */,
				18E06AD4148A031E00DA262F /* OpeningTimesView.xib in Resources */,
				18E06AD9148A034B00DA262F /* ExhibitionsShowsView.xib in Resources */,
				18E06ADE148A081300DA262F /* SearchCustomCell.xib in Resources */,
				18E06AE0148A0BEC00DA262F /* PlantImg.jpg in Resources */,
				18949AB1148FA0D6002F3AC0 /* InvitationInfo.xib in Resources */,
				1890E0F5149091D40065A777 /* Image2.jpg in Resources */,
				1890E0F6149091D40065A777 /* Image3.jpg in Resources */,
				1890E0F7149091D40065A777 /* Image4.jpg in Resources */,
				1890E0F8149091D40065A777 /* MainImage.jpg in Resources */,
				1890E0F9149091D40065A777 /* Plant1.jpg in Resources */,
				1890E0FA149091D40065A777 /* Plant2.jpg in Resources */,
				1890E0FB149091D40065A777 /* Plant3.jpg in Resources */,
				1890E0FC149091D40065A777 /* Plant4.jpg in Resources */,
				1890E0FD149091D40065A777 /* Plant5.jpg in Resources */,
				84499B511498795D00ACF164 /* NursarylistViewController.xib in Resources */,
				84499C2914989C7000ACF164 /* point.png in Resources */,
				84499C2A14989C7000ACF164 /* point@2x.png in Resources */,
				84499C2B14989C7000ACF164 /* selectedPoint.png in Resources */,
				84499C2C14989C7000ACF164 /* selectedPoint@2x.png in Resources */,
				F4A92FFC149B0D5A0084CA32 /* websiteview.xib in Resources */,
				5D0635F414DBC55300523735 /* CustomCell.xib in Resources */,
				5DAD85FE14DFDB56002C1572 /* images.jpg in Resources */,
				5D9FAEC514E1314A007E39E9 /* searchbutton.png in Resources */,
				5D9FAECC14E131F1007E39E9 /* browsecat.png in Resources */,
				5D9FAEF714E13577007E39E9 /* plantnav.png in Resources */,
				5D9FAF1614E138C1007E39E9 /* cellbackground.png in Resources */,
				5D9FAF3314E13F22007E39E9 /* Default.png in Resources */,
				5D9FAF4C14E1457B007E39E9 /* nurserycell.png in Resources */,
				5D9FAFEA14E15B78007E39E9 /* imagebackground.png in Resources */,
				5DD2710E14E2495D0043A636 /* tab2.png in Resources */,
				5DD2711314E24A0D0043A636 /* nurtab.png in Resources */,
				5DD2712614E24B850043A636 /* planttab.png in Resources */,
				5DD2718614E253C60043A636 /* browse.png in Resources */,
				5DD2718D14E254770043A636 /* searchtext.png in Resources */,
				5D8FDCD614E274DA006BD705 /* back button.png in Resources */,
				5EB96184150F2CC90067B090 /* back button@2x.png in Resources */,
				5EB96185150F2CC90067B090 /* browsecat@2x.png in Resources */,
				5EB96188150F2CC90067B090 /* cellbackground@2x.png in Resources */,
				5EB9618B150F2CC90067B090 /* nurtab@2x.png in Resources */,
				5EB9618C150F2CC90067B090 /* plantnav@2x.png in Resources */,
				5EB9618D150F2CC90067B090 /* planttab@2x.png in Resources */,
				5EB9618F150F2CC90067B090 /* searchbutton@2x.png in Resources */,
				5EB96190150F2CC90067B090 /* searchtext@2x.png in Resources */,
				5EB96191150F2CC90067B090 /* SerchBar.png in Resources */,
				5EB96192150F2CC90067B090 /* SerchBar@2x.png in Resources */,
				5EB961A2150F30710067B090 /* browse@2x.png in Resources */,
				5EB961BC150F3F460067B090 /* nurserycell@2x.png in Resources */,
				5EA4767D1513021300779C10 /* left@2x.png in Resources */,
				5EA4767E1513021300779C10 /* right@2x.png in Resources */,
				5EA476811513033F00779C10 /* left.png in Resources */,
				5EA476821513033F00779C10 /* right.png in Resources */,
				84A8427E1519A656005145BA /* icon.png in Resources */,
				84A8427F1519A656005145BA /* icon@2x.png in Resources */,
				84A842821519A87A005145BA /* iTunesArtwork in Resources */,
				5E97CDFB152311CB003D6C2E /* EnlargeImageView.xib in Resources */,
				5EA00EB1152B1660006774CC /* rootview_background.png in Resources */,
				5EA00EB2152B1660006774CC /* rootview_background@2x.png in Resources */,
			);
			runOnlyForDeploymentPostprocessing = 0;
		};
/* End PBXResourcesBuildPhase section */

/* Begin PBXSourcesBuildPhase section */
		1D60588E0D05DD3D006BFB54 /* Sources */ = {
			isa = PBXSourcesBuildPhase;
			buildActionMask = 2147483647;
			files = (
				1D60589B0D05DD56006BFB54 /* main.m in Sources */,
				1D3623260D0F684500981E51 /* Find_Me_That_PlantAppDelegate.m in Sources */,
				28C286E10D94DF7D0034E888 /* RootViewController.m in Sources */,
				18E06A9E1489F02A00DA262F /* SearchView.m in Sources */,
				18E06AAE1489F2AD00DA262F /* BrowseView.m in Sources */,
				18E06AB31489F55900DA262F /* BrowsePlantView.m in Sources */,
				18E06AB81489F69300DA262F /* PlantDataView.m in Sources */,
				18E06ABF148A00CE00DA262F /* NurseryView.m in Sources */,
				18E06AC4148A02AD00DA262F /* ServiceOfferedView.m in Sources */,
				18E06AC9148A02D200DA262F /* SpecialOffersView.m in Sources */,
				18E06ACE148A02F300DA262F /* Locations.m in Sources */,
				18E06AD3148A031E00DA262F /* OpeningTimesView.m in Sources */,
				18E06AD8148A034B00DA262F /* ExhibitionsShowsView.m in Sources */,
				18949AB0148FA0D6002F3AC0 /* InvitationInfo.m in Sources */,
				84499B501498795D00ACF164 /* NursarylistViewController.m in Sources */,
				F4A92FFB149B0D5A0084CA32 /* websiteview.m in Sources */,
				5D0633FE14DBAA3A00523735 /* NSObject+SBJSON.m in Sources */,
				5D0633FF14DBAA3A00523735 /* NSString+SBJSON.m in Sources */,
				5D06340014DBAA3A00523735 /* SBJSON.m in Sources */,
				5D06340114DBAA3A00523735 /* SBJsonBase.m in Sources */,
				5D06340214DBAA3A00523735 /* SBJsonParser.m in Sources */,
				5D06340314DBAA3A00523735 /* SBJsonWriter.m in Sources */,
				5D06340414DBAA3A00523735 /* JSONParser.m in Sources */,
				5D0636D414DBE75000523735 /* AlertHandler.m in Sources */,
				5E97CDFA152311CB003D6C2E /* EnlargeImageView.m in Sources */,
				5E97CDFE15232386003D6C2E /* EGOCache.m in Sources */,
				5E97CE01152323D3003D6C2E /* EGOImageButton.m in Sources */,
				5E97CE06152323DF003D6C2E /* EGOImageLoadConnection.m in Sources */,
				5E97CE07152323DF003D6C2E /* EGOImageLoader.m in Sources */,
				5E97CE0A152323E9003D6C2E /* EGOImageView.m in Sources */,
				840D33AD152B352B00191EC5 /* EGOEnlargeView.m in Sources */,
			);
			runOnlyForDeploymentPostprocessing = 0;
		};
/* End PBXSourcesBuildPhase section */

/* Begin XCBuildConfiguration section */
		1D6058940D05DD3E006BFB54 /* Debug */ = {
			isa = XCBuildConfiguration;
			buildSettings = {
				ALWAYS_SEARCH_USER_PATHS = NO;
				CODE_SIGN_IDENTITY = "iPhone Developer: Jayneel Patel (89F44PYPKM)";
				"CODE_SIGN_IDENTITY[sdk=iphoneos*]" = "iPhone Developer: Jayneel Patel (89F44PYPKM)";
				COPY_PHASE_STRIP = NO;
				GCC_DYNAMIC_NO_PIC = NO;
				GCC_OPTIMIZATION_LEVEL = 0;
				GCC_PRECOMPILE_PREFIX_HEADER = YES;
				GCC_PREFIX_HEADER = Find_Me_That_Plant_Prefix.pch;
				INFOPLIST_FILE = "Find_Me_That_Plant-Info.plist";
				IPHONEOS_DEPLOYMENT_TARGET = 4.0;
				PRODUCT_NAME = "Find Me That Plant";
				PROVISIONING_PROFILE = "654D919B-02D3-445C-924F-C5EFAB3E204A";
				"PROVISIONING_PROFILE[sdk=iphoneos*]" = "654D919B-02D3-445C-924F-C5EFAB3E204A";
			};
			name = Debug;
		};
		1D6058950D05DD3E006BFB54 /* Release */ = {
			isa = XCBuildConfiguration;
			buildSettings = {
				ALWAYS_SEARCH_USER_PATHS = NO;
				CODE_SIGN_IDENTITY = "iPhone Developer: Jayneel Patel (4EF63K9DH2)";
				COPY_PHASE_STRIP = YES;
				GCC_PRECOMPILE_PREFIX_HEADER = YES;
				GCC_PREFIX_HEADER = Find_Me_That_Plant_Prefix.pch;
				INFOPLIST_FILE = "Find_Me_That_Plant-Info.plist";
				IPHONEOS_DEPLOYMENT_TARGET = 4.0;
				PRODUCT_NAME = "Find Me That Plant";
				PROVISIONING_PROFILE = "FE8BBE61-D7B4-4A76-9787-773994A0A9AC";
				VALIDATE_PRODUCT = YES;
			};
			name = Release;
		};
		C01FCF4F08A954540054247B /* Debug */ = {
			isa = XCBuildConfiguration;
			buildSettings = {
				ARCHS = "$(ARCHS_STANDARD_32_BIT)";
				CODE_SIGN_IDENTITY = "iPhone Developer: Jayneel Patel (89F44PYPKM)";
				"CODE_SIGN_IDENTITY[sdk=iphoneos*]" = "iPhone Developer: Jayneel Patel (89F44PYPKM)";
				GCC_C_LANGUAGE_STANDARD = c99;
				GCC_WARN_ABOUT_RETURN_TYPE = YES;
				GCC_WARN_UNUSED_VARIABLE = YES;
				PREBINDING = NO;
				PROVISIONING_PROFILE = "654D919B-02D3-445C-924F-C5EFAB3E204A";
				"PROVISIONING_PROFILE[sdk=iphoneos*]" = "654D919B-02D3-445C-924F-C5EFAB3E204A";
				SDKROOT = iphoneos;
			};
			name = Debug;
		};
		C01FCF5008A954540054247B /* Release */ = {
			isa = XCBuildConfiguration;
			buildSettings = {
				ARCHS = "$(ARCHS_STANDARD_32_BIT)";
				CODE_SIGN_IDENTITY = "iPhone Developer: Jayneel Patel (4EF63K9DH2)";
				"CODE_SIGN_IDENTITY[sdk=iphoneos*]" = "iPhone Developer: Jayneel Patel (4EF63K9DH2)";
				GCC_C_LANGUAGE_STANDARD = c99;
				GCC_WARN_ABOUT_RETURN_TYPE = YES;
				GCC_WARN_UNUSED_VARIABLE = YES;
				OTHER_CFLAGS = "-DNS_BLOCK_ASSERTIONS=1";
				PREBINDING = NO;
				PROVISIONING_PROFILE = "FE8BBE61-D7B4-4A76-9787-773994A0A9AC";
				"PROVISIONING_PROFILE[sdk=iphoneos*]" = "FE8BBE61-D7B4-4A76-9787-773994A0A9AC";
				SDKROOT = iphoneos;
			};
			name = Release;
		};
/* End XCBuildConfiguration section */

/* Begin XCConfigurationList section */
		1D6058960D05DD3E006BFB54 /* Build configuration list for PBXNativeTarget "Find Me That Plant" */ = {
			isa = XCConfigurationList;
			buildConfigurations = (
				1D6058940D05DD3E006BFB54 /* Debug */,
				1D6058950D05DD3E006BFB54 /* Release */,
			);
			defaultConfigurationIsVisible = 0;
			defaultConfigurationName = Release;
		};
		C01FCF4E08A954540054247B /* Build configuration list for PBXProject "Find Me That Plant" */ = {
			isa = XCConfigurationList;
			buildConfigurations = (
				C01FCF4F08A954540054247B /* Debug */,
				C01FCF5008A954540054247B /* Release */,
			);
			defaultConfigurationIsVisible = 0;
			defaultConfigurationName = Release;
		};
/* End XCConfigurationList section */
	};
	rootObject = 29B97313FDCFA39411CA2CEA /* Project object */;
}
